// !$*UTF8*$!
{
	archiveVersion = 1;
	classes = {
	};
	objectVersion = 50;
	objects = {

/* Begin PBXBuildFile section */
		08BD79012205A09400D64EE1 /* AppDelegate.swift in Sources */ = {isa = PBXBuildFile; fileRef = 08BD79002205A09400D64EE1 /* AppDelegate.swift */; };
		08BD79032205A09400D64EE1 /* ViewController.swift in Sources */ = {isa = PBXBuildFile; fileRef = 08BD79022205A09400D64EE1 /* ViewController.swift */; };
		08BD79062205A09400D64EE1 /* Main.storyboard in Resources */ = {isa = PBXBuildFile; fileRef = 08BD79042205A09400D64EE1 /* Main.storyboard */; };
		08BD79082205A09600D64EE1 /* Assets.xcassets in Resources */ = {isa = PBXBuildFile; fileRef = 08BD79072205A09600D64EE1 /* Assets.xcassets */; };
		08BD790B2205A09600D64EE1 /* LaunchScreen.storyboard in Resources */ = {isa = PBXBuildFile; fileRef = 08BD79092205A09600D64EE1 /* LaunchScreen.storyboard */; };
		08BD79162205A09600D64EE1 /* CalculateDueDateTests.swift in Sources */ = {isa = PBXBuildFile; fileRef = 08BD79152205A09600D64EE1 /* CalculateDueDateTests.swift */; };
		08BD79222205E17F00D64EE1 /* DueDate.swift in Sources */ = {isa = PBXBuildFile; fileRef = 08BD79212205E17F00D64EE1 /* DueDate.swift */; };
/* End PBXBuildFile section */

/* Begin PBXContainerItemProxy section */
		08BD79122205A09600D64EE1 /* PBXContainerItemProxy */ = {
			isa = PBXContainerItemProxy;
			containerPortal = 08BD78F52205A09400D64EE1 /* Project object */;
			proxyType = 1;
			remoteGlobalIDString = 08BD78FC2205A09400D64EE1;
			remoteInfo = CalculateDueDate;
		};
/* End PBXContainerItemProxy section */

/* Begin PBXFileReference section */
		08BD78FD2205A09400D64EE1 /* CalculateDueDate.app */ = {isa = PBXFileReference; explicitFileType = wrapper.application; includeInIndex = 0; path = CalculateDueDate.app; sourceTree = BUILT_PRODUCTS_DIR; };
		08BD79002205A09400D64EE1 /* AppDelegate.swift */ = {isa = PBXFileReference; lastKnownFileType = sourcecode.swift; path = AppDelegate.swift; sourceTree = "<group>"; };
		08BD79022205A09400D64EE1 /* ViewController.swift */ = {isa = PBXFileReference; lastKnownFileType = sourcecode.swift; path = ViewController.swift; sourceTree = "<group>"; };
		08BD79052205A09400D64EE1 /* Base */ = {isa = PBXFileReference; lastKnownFileType = file.storyboard; name = Base; path = Base.lproj/Main.storyboard; sourceTree = "<group>"; };
		08BD79072205A09600D64EE1 /* Assets.xcassets */ = {isa = PBXFileReference; lastKnownFileType = folder.assetcatalog; path = Assets.xcassets; sourceTree = "<group>"; };
		08BD790A2205A09600D64EE1 /* Base */ = {isa = PBXFileReference; lastKnownFileType = file.storyboard; name = Base; path = Base.lproj/LaunchScreen.storyboard; sourceTree = "<group>"; };
		08BD790C2205A09600D64EE1 /* Info.plist */ = {isa = PBXFileReference; lastKnownFileType = text.plist.xml; path = Info.plist; sourceTree = "<group>"; };
		08BD79112205A09600D64EE1 /* CalculateDueDateTests.xctest */ = {isa = PBXFileReference; explicitFileType = wrapper.cfbundle; includeInIndex = 0; path = CalculateDueDateTests.xctest; sourceTree = BUILT_PRODUCTS_DIR; };
		08BD79152205A09600D64EE1 /* CalculateDueDateTests.swift */ = {isa = PBXFileReference; lastKnownFileType = sourcecode.swift; path = CalculateDueDateTests.swift; sourceTree = "<group>"; };
		08BD79172205A09600D64EE1 /* Info.plist */ = {isa = PBXFileReference; lastKnownFileType = text.plist.xml; path = Info.plist; sourceTree = "<group>"; };
		08BD79212205E17F00D64EE1 /* DueDate.swift */ = {isa = PBXFileReference; lastKnownFileType = sourcecode.swift; path = DueDate.swift; sourceTree = "<group>"; };
/* End PBXFileReference section */

/* Begin PBXFrameworksBuildPhase section */
		08BD78FA2205A09400D64EE1 /* Frameworks */ = {
			isa = PBXFrameworksBuildPhase;
			buildActionMask = 2147483647;
			files = (
			);
			runOnlyForDeploymentPostprocessing = 0;
		};
		08BD790E2205A09600D64EE1 /* Frameworks */ = {
			isa = PBXFrameworksBuildPhase;
			buildActionMask = 2147483647;
			files = (
			);
			runOnlyForDeploymentPostprocessing = 0;
		};
/* End PBXFrameworksBuildPhase section */

/* Begin PBXGroup section */
		08BD78F42205A09400D64EE1 = {
			isa = PBXGroup;
			children = (
				08BD78FF2205A09400D64EE1 /* CalculateDueDate */,
				08BD79142205A09600D64EE1 /* CalculateDueDateTests */,
				08BD78FE2205A09400D64EE1 /* Products */,
			);
			sourceTree = "<group>";
		};
		08BD78FE2205A09400D64EE1 /* Products */ = {
			isa = PBXGroup;
			children = (
				08BD78FD2205A09400D64EE1 /* CalculateDueDate.app */,
				08BD79112205A09600D64EE1 /* CalculateDueDateTests.xctest */,
			);
			name = Products;
			sourceTree = "<group>";
		};
		08BD78FF2205A09400D64EE1 /* CalculateDueDate */ = {
			isa = PBXGroup;
			children = (
				08BD79002205A09400D64EE1 /* AppDelegate.swift */,
				08BD79022205A09400D64EE1 /* ViewController.swift */,
				08BD79212205E17F00D64EE1 /* DueDate.swift */,
				08BD79042205A09400D64EE1 /* Main.storyboard */,
				08BD79072205A09600D64EE1 /* Assets.xcassets */,
				08BD79092205A09600D64EE1 /* LaunchScreen.storyboard */,
				08BD790C2205A09600D64EE1 /* Info.plist */,
			);
			path = CalculateDueDate;
			sourceTree = "<group>";
		};
		08BD79142205A09600D64EE1 /* CalculateDueDateTests */ = {
			isa = PBXGroup;
			children = (
				08BD79152205A09600D64EE1 /* CalculateDueDateTests.swift */,
				08BD79172205A09600D64EE1 /* Info.plist */,
			);
			path = CalculateDueDateTests;
			sourceTree = "<group>";
		};
/* End PBXGroup section */

/* Begin PBXNativeTarget section */
		08BD78FC2205A09400D64EE1 /* CalculateDueDate */ = {
			isa = PBXNativeTarget;
			buildConfigurationList = 08BD791A2205A09600D64EE1 /* Build configuration list for PBXNativeTarget "CalculateDueDate" */;
			buildPhases = (
				08BD78F92205A09400D64EE1 /* Sources */,
				08BD78FA2205A09400D64EE1 /* Frameworks */,
				08BD78FB2205A09400D64EE1 /* Resources */,
			);
			buildRules = (
			);
			dependencies = (
			);
			name = CalculateDueDate;
			productName = CalculateDueDate;
			productReference = 08BD78FD2205A09400D64EE1 /* CalculateDueDate.app */;
			productType = "com.apple.product-type.application";
		};
		08BD79102205A09600D64EE1 /* CalculateDueDateTests */ = {
			isa = PBXNativeTarget;
			buildConfigurationList = 08BD791D2205A09600D64EE1 /* Build configuration list for PBXNativeTarget "CalculateDueDateTests" */;
			buildPhases = (
				08BD790D2205A09600D64EE1 /* Sources */,
				08BD790E2205A09600D64EE1 /* Frameworks */,
				08BD790F2205A09600D64EE1 /* Resources */,
			);
			buildRules = (
			);
			dependencies = (
				08BD79132205A09600D64EE1 /* PBXTargetDependency */,
			);
			name = CalculateDueDateTests;
			productName = CalculateDueDateTests;
			productReference = 08BD79112205A09600D64EE1 /* CalculateDueDateTests.xctest */;
			productType = "com.apple.product-type.bundle.unit-test";
		};
/* End PBXNativeTarget section */

/* Begin PBXProject section */
		08BD78F52205A09400D64EE1 /* Project object */ = {
			isa = PBXProject;
			attributes = {
				LastSwiftUpdateCheck = 1010;
				LastUpgradeCheck = 1010;
				ORGANIZATIONNAME = "Attila Molnár";
				TargetAttributes = {
					08BD78FC2205A09400D64EE1 = {
						CreatedOnToolsVersion = 10.1;
					};
					08BD79102205A09600D64EE1 = {
						CreatedOnToolsVersion = 10.1;
						TestTargetID = 08BD78FC2205A09400D64EE1;
					};
				};
			};
			buildConfigurationList = 08BD78F82205A09400D64EE1 /* Build configuration list for PBXProject "CalculateDueDate" */;
			compatibilityVersion = "Xcode 9.3";
			developmentRegion = en;
			hasScannedForEncodings = 0;
			knownRegions = (
				en,
				Base,
			);
			mainGroup = 08BD78F42205A09400D64EE1;
			productRefGroup = 08BD78FE2205A09400D64EE1 /* Products */;
			projectDirPath = "";
			projectRoot = "";
			targets = (
				08BD78FC2205A09400D64EE1 /* CalculateDueDate */,
				08BD79102205A09600D64EE1 /* CalculateDueDateTests */,
			);
		};
/* End PBXProject section */

/* Begin PBXResourcesBuildPhase section */
		08BD78FB2205A09400D64EE1 /* Resources */ = {
			isa = PBXResourcesBuildPhase;
			buildActionMask = 2147483647;
			files = (
				08BD790B2205A09600D64EE1 /* LaunchScreen.storyboard in Resources */,
				08BD79082205A09600D64EE1 /* Assets.xcassets in Resources */,
				08BD79062205A09400D64EE1 /* Main.storyboard in Resources */,
			);
			runOnlyForDeploymentPostprocessing = 0;
		};
		08BD790F2205A09600D64EE1 /* Resources */ = {
			isa = PBXResourcesBuildPhase;
			buildActionMask = 2147483647;
			files = (
			);
			runOnlyForDeploymentPostprocessing = 0;
		};
/* End PBXResourcesBuildPhase section */

/* Begin PBXSourcesBuildPhase section */
		08BD78F92205A09400D64EE1 /* Sources */ = {
			isa = PBXSourcesBuildPhase;
			buildActionMask = 2147483647;
			files = (
				08BD79032205A09400D64EE1 /* ViewController.swift in Sources */,
				08BD79012205A09400D64EE1 /* AppDelegate.swift in Sources */,
				08BD79222205E17F00D64EE1 /* DueDate.swift in Sources */,
			);
			runOnlyForDeploymentPostprocessing = 0;
		};
		08BD790D2205A09600D64EE1 /* Sources */ = {
			isa = PBXSourcesBuildPhase;
			buildActionMask = 2147483647;
			files = (
				08BD79162205A09600D64EE1 /* CalculateDueDateTests.swift in Sources */,
			);
			runOnlyForDeploymentPostprocessing = 0;
		};
/* End PBXSourcesBuildPhase section */

/* Begin PBXTargetDependency section */
		08BD79132205A09600D64EE1 /* PBXTargetDependency */ = {
			isa = PBXTargetDependency;
			target = 08BD78FC2205A09400D64EE1 /* CalculateDueDate */;
			targetProxy = 08BD79122205A09600D64EE1 /* PBXContainerItemProxy */;
		};
/* End PBXTargetDependency section */

/* Begin PBXVariantGroup section */
		08BD79042205A09400D64EE1 /* Main.storyboard */ = {
			isa = PBXVariantGroup;
			children = (
				08BD79052205A09400D64EE1 /* Base */,
			);
			name = Main.storyboard;
			sourceTree = "<group>";
		};
		08BD79092205A09600D64EE1 /* LaunchScreen.storyboard */ = {
			isa = PBXVariantGroup;
			children = (
				08BD790A2205A09600D64EE1 /* Base */,
			);
			name = LaunchScreen.storyboard;
			sourceTree = "<group>";
		};
/* End PBXVariantGroup section */

/* Begin XCBuildConfiguration section */
		08BD79182205A09600D64EE1 /* Debug */ = {
			isa = XCBuildConfiguration;
			buildSettings = {
				ALWAYS_SEARCH_USER_PATHS = NO;
				CLANG_ANALYZER_NONNULL = YES;
				CLANG_ANALYZER_NUMBER_OBJECT_CONVERSION = YES_AGGRESSIVE;
				CLANG_CXX_LANGUAGE_STANDARD = "gnu++14";
				CLANG_CXX_LIBRARY = "libc++";
				CLANG_ENABLE_MODULES = YES;
				CLANG_ENABLE_OBJC_ARC = YES;
				CLANG_ENABLE_OBJC_WEAK = YES;
				CLANG_WARN_BLOCK_CAPTURE_AUTORELEASING = YES;
				CLANG_WARN_BOOL_CONVERSION = YES;
				CLANG_WARN_COMMA = YES;
				CLANG_WARN_CONSTANT_CONVERSION = YES;
				CLANG_WARN_DEPRECATED_OBJC_IMPLEMENTATIONS = YES;
				CLANG_WARN_DIRECT_OBJC_ISA_USAGE = YES_ERROR;
				CLANG_WARN_DOCUMENTATION_COMMENTS = YES;
				CLANG_WARN_EMPTY_BODY = YES;
				CLANG_WARN_ENUM_CONVERSION = YES;
				CLANG_WARN_INFINITE_RECURSION = YES;
				CLANG_WARN_INT_CONVERSION = YES;
				CLANG_WARN_NON_LITERAL_NULL_CONVERSION = YES;
				CLANG_WARN_OBJC_IMPLICIT_RETAIN_SELF = YES;
				CLANG_WARN_OBJC_LITERAL_CONVERSION = YES;
				CLANG_WARN_OBJC_ROOT_CLASS = YES_ERROR;
				CLANG_WARN_RANGE_LOOP_ANALYSIS = YES;
				CLANG_WARN_STRICT_PROTOTYPES = YES;
				CLANG_WARN_SUSPICIOUS_MOVE = YES;
				CLANG_WARN_UNGUARDED_AVAILABILITY = YES_AGGRESSIVE;
				CLANG_WARN_UNREACHABLE_CODE = YES;
				CLANG_WARN__DUPLICATE_METHOD_MATCH = YES;
				CODE_SIGN_IDENTITY = "iPhone Developer";
				COPY_PHASE_STRIP = NO;
				DEBUG_INFORMATION_FORMAT = dwarf;
				ENABLE_STRICT_OBJC_MSGSEND = YES;
				ENABLE_TESTABILITY = YES;
				GCC_C_LANGUAGE_STANDARD = gnu11;
				GCC_DYNAMIC_NO_PIC = NO;
				GCC_NO_COMMON_BLOCKS = YES;
				GCC_OPTIMIZATION_LEVEL = 0;
				GCC_PREPROCESSOR_DEFINITIONS = (
					"DEBUG=1",
					"$(inherited)",
				);
				GCC_WARN_64_TO_32_BIT_CONVERSION = YES;
				GCC_WARN_ABOUT_RETURN_TYPE = YES_ERROR;
				GCC_WARN_UNDECLARED_SELECTOR = YES;
				GCC_WARN_UNINITIALIZED_AUTOS = YES_AGGRESSIVE;
				GCC_WARN_UNUSED_FUNCTION = YES;
				GCC_WARN_UNUSED_VARIABLE = YES;
				IPHONEOS_DEPLOYMENT_TARGET = 12.1;
				MTL_ENABLE_DEBUG_INFO = INCLUDE_SOURCE;
				MTL_FAST_MATH = YES;
				ONLY_ACTIVE_ARCH = YES;
				SDKROOT = iphoneos;
				SWIFT_ACTIVE_COMPILATION_CONDITIONS = DEBUG;
				SWIFT_OPTIMIZATION_LEVEL = "-Onone";
			};
			name = Debug;
		};
		08BD79192205A09600D64EE1 /* Release */ = {
			isa = XCBuildConfiguration;
			buildSettings = {
				ALWAYS_SEARCH_USER_PATHS = NO;
				CLANG_ANALYZER_NONNULL = YES;
				CLANG_ANALYZER_NUMBER_OBJECT_CONVERSION = YES_AGGRESSIVE;
				CLANG_CXX_LANGUAGE_STANDARD = "gnu++14";
				CLANG_CXX_LIBRARY = "libc++";
				CLANG_ENABLE_MODULES = YES;
				CLANG_ENABLE_OBJC_ARC = YES;
				CLANG_ENABLE_OBJC_WEAK = YES;
				CLANG_WARN_BLOCK_CAPTURE_AUTORELEASING = YES;
				CLANG_WARN_BOOL_CONVERSION = YES;
				CLANG_WARN_COMMA = YES;
				CLANG_WARN_CONSTANT_CONVERSION = YES;
				CLANG_WARN_DEPRECATED_OBJC_IMPLEMENTATIONS = YES;
				CLANG_WARN_DIRECT_OBJC_ISA_USAGE = YES_ERROR;
				CLANG_WARN_DOCUMENTATION_COMMENTS = YES;
				CLANG_WARN_EMPTY_BODY = YES;
				CLANG_WARN_ENUM_CONVERSION = YES;
				CLANG_WARN_INFINITE_RECURSION = YES;
				CLANG_WARN_INT_CONVERSION = YES;
				CLANG_WARN_NON_LITERAL_NULL_CONVERSION = YES;
				CLANG_WARN_OBJC_IMPLICIT_RETAIN_SELF = YES;
				CLANG_WARN_OBJC_LITERAL_CONVERSION = YES;
				CLANG_WARN_OBJC_ROOT_CLASS = YES_ERROR;
				CLANG_WARN_RANGE_LOOP_ANALYSIS = YES;
				CLANG_WARN_STRICT_PROTOTYPES = YES;
				CLANG_WARN_SUSPICIOUS_MOVE = YES;
				CLANG_WARN_UNGUARDED_AVAILABILITY = YES_AGGRESSIVE;
				CLANG_WARN_UNREACHABLE_CODE = YES;
				CLANG_WARN__DUPLICATE_METHOD_MATCH = YES;
				CODE_SIGN_IDENTITY = "iPhone Developer";
				COPY_PHASE_STRIP = NO;
				DEBUG_INFORMATION_FORMAT = "dwarf-with-dsym";
				ENABLE_NS_ASSERTIONS = NO;
				ENABLE_STRICT_OBJC_MSGSEND = YES;
				GCC_C_LANGUAGE_STANDARD = gnu11;
				GCC_NO_COMMON_BLOCKS = YES;
				GCC_WARN_64_TO_32_BIT_CONVERSION = YES;
				GCC_WARN_ABOUT_RETURN_TYPE = YES_ERROR;
				GCC_WARN_UNDECLARED_SELECTOR = YES;
				GCC_WARN_UNINITIALIZED_AUTOS = YES_AGGRESSIVE;
				GCC_WARN_UNUSED_FUNCTION = YES;
				GCC_WARN_UNUSED_VARIABLE = YES;
				IPHONEOS_DEPLOYMENT_TARGET = 12.1;
				MTL_ENABLE_DEBUG_INFO = NO;
				MTL_FAST_MATH = YES;
				SDKROOT = iphoneos;
				SWIFT_COMPILATION_MODE = wholemodule;
				SWIFT_OPTIMIZATION_LEVEL = "-O";
				VALIDATE_PRODUCT = YES;
			};
			name = Release;
		};
		08BD791B2205A09600D64EE1 /* Debug */ = {
			isa = XCBuildConfiguration;
			buildSettings = {
				ASSETCATALOG_COMPILER_APPICON_NAME = AppIcon;
				CODE_SIGN_STYLE = Manual;
				DEVELOPMENT_TEAM = "";
				INFOPLIST_FILE = CalculateDueDate/Info.plist;
				LD_RUNPATH_SEARCH_PATHS = (
					"$(inherited)",
					"@executable_path/Frameworks",
				);
				PRODUCT_BUNDLE_IDENTIFIER = com.attilamolnar.CalculateDueDate;
				PRODUCT_NAME = "$(TARGET_NAME)";
				PROVISIONING_PROFILE_SPECIFIER = "";
				SWIFT_VERSION = 4.2;
				TARGETED_DEVICE_FAMILY = "1,2";
			};
			name = Debug;
		};
		08BD791C2205A09600D64EE1 /* Release */ = {
			isa = XCBuildConfiguration;
			buildSettings = {
				ASSETCATALOG_COMPILER_APPICON_NAME = AppIcon;
				CODE_SIGN_STYLE = Manual;
				DEVELOPMENT_TEAM = "";
				INFOPLIST_FILE = CalculateDueDate/Info.plist;
				LD_RUNPATH_SEARCH_PATHS = (
					"$(inherited)",
					"@executable_path/Frameworks",
				);
				PRODUCT_BUNDLE_IDENTIFIER = com.attilamolnar.CalculateDueDate;
				PRODUCT_NAME = "$(TARGET_NAME)";
				PROVISIONING_PROFILE_SPECIFIER = "";
				SWIFT_VERSION = 4.2;
				TARGETED_DEVICE_FAMILY = "1,2";
			};
			name = Release;
		};
		08BD791E2205A09600D64EE1 /* Debug */ = {
			isa = XCBuildConfiguration;
			buildSettings = {
				ALWAYS_EMBED_SWIFT_STANDARD_LIBRARIES = YES;
				BUNDLE_LOADER = "$(TEST_HOST)";
				CODE_SIGN_STYLE = Automatic;
				INFOPLIST_FILE = CalculateDueDateTests/Info.plist;
				LD_RUNPATH_SEARCH_PATHS = (
					"$(inherited)",
					"@executable_path/Frameworks",
					"@loader_path/Frameworks",
				);
				PRODUCT_BUNDLE_IDENTIFIER = com.attilamolnar.CalculateDueDateTests;
				PRODUCT_NAME = "$(TARGET_NAME)";
				SWIFT_VERSION = 4.2;
				TARGETED_DEVICE_FAMILY = "1,2";
				TEST_HOST = "$(BUILT_PRODUCTS_DIR)/CalculateDueDate.app/CalculateDueDate";
			};
			name = Debug;
		};
		08BD791F2205A09600D64EE1 /* Release */ = {
			isa = XCBuildConfiguration;
			buildSettings = {
				ALWAYS_EMBED_SWIFT_STANDARD_LIBRARIES = YES;
				BUNDLE_LOADER = "$(TEST_HOST)";
				CODE_SIGN_STYLE = Automatic;
				INFOPLIST_FILE = CalculateDueDateTests/Info.plist;
				LD_RUNPATH_SEARCH_PATHS = (
					"$(inherited)",
					"@executable_path/Frameworks",
					"@loader_path/Frameworks",
				);
				PRODUCT_BUNDLE_IDENTIFIER = com.attilamolnar.CalculateDueDateTests;
				PRODUCT_NAME = "$(TARGET_NAME)";
				SWIFT_VERSION = 4.2;
				TARGETED_DEVICE_FAMILY = "1,2";
				TEST_HOST = "$(BUILT_PRODUCTS_DIR)/CalculateDueDate.app/CalculateDueDate";
			};
			name = Release;
		};
/* End XCBuildConfiguration section */

/* Begin XCConfigurationList section */
		08BD78F82205A09400D64EE1 /* Build configuration list for PBXProject "CalculateDueDate" */ = {
			isa = XCConfigurationList;
			buildConfigurations = (
				08BD79182205A09600D64EE1 /* Debug */,
				08BD79192205A09600D64EE1 /* Release */,
			);
			defaultConfigurationIsVisible = 0;
			defaultConfigurationName = Release;
		};
		08BD791A2205A09600D64EE1 /* Build configuration list for PBXNativeTarget "CalculateDueDate" */ = {
			isa = XCConfigurationList;
			buildConfigurations = (
				08BD791B2205A09600D64EE1 /* Debug */,
				08BD791C2205A09600D64EE1 /* Release */,
			);
			defaultConfigurationIsVisible = 0;
			defaultConfigurationName = Release;
		};
		08BD791D2205A09600D64EE1 /* Build configuration list for PBXNativeTarget "CalculateDueDateTests" */ = {
			isa = XCConfigurationList;
			buildConfigurations = (
				08BD791E2205A09600D64EE1 /* Debug */,
				08BD791F2205A09600D64EE1 /* Release */,
			);
			defaultConfigurationIsVisible = 0;
			defaultConfigurationName = Release;
		};
/* End XCConfigurationList section */
	};
	rootObject = 08BD78F52205A09400D64EE1 /* Project object */;
}
